
Microsoft Visual Studio Solution File, Format Version 12.00
# Visual Studio Version 16
VisualStudioVersion = 16.0.30225.117
MinimumVisualStudioVersion = 10.0.40219.1
Project("{FAE04EC0-301F-11D3-BF4B-00C04F79EFBC}") = "UI", "UI\UI.csproj", "{AFF51AEF-ABA1-45BA-AF61-E5F6C1ACF855}"
EndProject
Global
	GlobalSection(SolutionConfigurationPlatforms) = preSolution
		Debug|Any CPU = Debug|Any CPU
		Release|Any CPU = Release|Any CPU
	EndGlobalSection
	GlobalSection(ProjectConfigurationPlatforms) = postSolution
		{AFF51AEF-ABA1-45BA-AF61-E5F6C1ACF855}.Debug|Any CPU.ActiveCfg = Debug|Any CPU
		{AFF51AEF-ABA1-45BA-AF61-E5F6C1ACF855}.Debug|Any CPU.Build.0 = Debug|Any CPU
		{AFF51AEF-ABA1-45BA-AF61-E5F6C1ACF855}.Release|Any CPU.ActiveCfg = Release|Any CPU
		{AFF51AEF-ABA1-45BA-AF61-E5F6C1ACF855}.Release|Any CPU.Build.0 = Release|Any CPU
	EndGlobalSection
	GlobalSection(SolutionProperties) = preSolution
		HideSolutionNode = FALSE
	EndGlobalSection
	GlobalSection(ExtensibilityGlobals) = postSolution
		SolutionGuid = {FC10F6E1-6EE6-4683-AB16-67DF6BAC7862}
	EndGlobalSection
EndGlobal
